
Microsoft Visual Studio Solution File, Format Version 12.00
# Visual Studio 15
VisualStudioVersion = 15.0.28307.136
MinimumVisualStudioVersion = 10.0.40219.1
Project("{FAE04EC0-301F-11D3-BF4B-00C04F79EFBC}") = "pleasework.Android", "pleasework\pleasework.Android\pleasework.Android.csproj", "{5D89A666-65FE-490F-B0DA-9BD5A66B0D7E}"
EndProject
Project("{FAE04EC0-301F-11D3-BF4B-00C04F79EFBC}") = "pleasework", "pleasework\pleasework\pleasework.csproj", "{01899A48-8D2E-461A-8CAA-0F486EC79025}"
EndProject
Global
	GlobalSection(SolutionConfigurationPlatforms) = preSolution
		Debug|Any CPU = Debug|Any CPU
		Release|Any CPU = Release|Any CPU
	EndGlobalSection
	GlobalSection(ProjectConfigurationPlatforms) = postSolution
		{5D89A666-65FE-490F-B0DA-9BD5A66B0D7E}.Debug|Any CPU.ActiveCfg = Debug|Any CPU
		{5D89A666-65FE-490F-B0DA-9BD5A66B0D7E}.Debug|Any CPU.Build.0 = Debug|Any CPU
		{5D89A666-65FE-490F-B0DA-9BD5A66B0D7E}.Debug|Any CPU.Deploy.0 = Debug|Any CPU
		{5D89A666-65FE-490F-B0DA-9BD5A66B0D7E}.Release|Any CPU.ActiveCfg = Release|Any CPU
		{5D89A666-65FE-490F-B0DA-9BD5A66B0D7E}.Release|Any CPU.Build.0 = Release|Any CPU
		{5D89A666-65FE-490F-B0DA-9BD5A66B0D7E}.Release|Any CPU.Deploy.0 = Release|Any CPU
		{01899A48-8D2E-461A-8CAA-0F486EC79025}.Debug|Any CPU.ActiveCfg = Debug|Any CPU
		{01899A48-8D2E-461A-8CAA-0F486EC79025}.Debug|Any CPU.Build.0 = Debug|Any CPU
		{01899A48-8D2E-461A-8CAA-0F486EC79025}.Debug|Any CPU.Deploy.0 = Debug|Any CPU
		{01899A48-8D2E-461A-8CAA-0F486EC79025}.Release|Any CPU.ActiveCfg = Release|Any CPU
		{01899A48-8D2E-461A-8CAA-0F486EC79025}.Release|Any CPU.Build.0 = Release|Any CPU
		{01899A48-8D2E-461A-8CAA-0F486EC79025}.Release|Any CPU.Deploy.0 = Release|Any CPU
	EndGlobalSection
	GlobalSection(SolutionProperties) = preSolution
		HideSolutionNode = FALSE
	EndGlobalSection
	GlobalSection(ExtensibilityGlobals) = postSolution
		SolutionGuid = {DBC3872D-32B0-4E9C-894B-7ACC4AE5925A}
	EndGlobalSection
EndGlobal
